// !$*UTF8*$!
{
	archiveVersion = 1;
	classes = {
	};
	objectVersion = 46;
	objects = {

/* Begin PBXBuildFile section */
		061A03EE1AE3CF6B00F0DA75 /* AppDelegate.m in Sources */ = {isa = PBXBuildFile; fileRef = 061A03E01AE3CF6B00F0DA75 /* AppDelegate.m */; };
		061A03EF1AE3CF6B00F0DA75 /* Follower.m in Sources */ = {isa = PBXBuildFile; fileRef = 061A03E21AE3CF6B00F0DA75 /* Follower.m */; };
		061A03F11AE3CF6B00F0DA75 /* main.m in Sources */ = {isa = PBXBuildFile; fileRef = 061A03E41AE3CF6B00F0DA75 /* main.m */; };
		061A03F21AE3CF6B00F0DA75 /* Player.m in Sources */ = {isa = PBXBuildFile; fileRef = 061A03E71AE3CF6B00F0DA75 /* Player.m */; };
		061A03F31AE3CF6B00F0DA75 /* ShaderUtils.m in Sources */ = {isa = PBXBuildFile; fileRef = 061A03E91AE3CF6B00F0DA75 /* ShaderUtils.m */; };
		061A03F41AE3CF6B00F0DA75 /* Sprite.m in Sources */ = {isa = PBXBuildFile; fileRef = 061A03EB1AE3CF6B00F0DA75 /* Sprite.m */; };
		061A03F51AE3CF6B00F0DA75 /* ViewController.m in Sources */ = {isa = PBXBuildFile; fileRef = 061A03ED1AE3CF6B00F0DA75 /* ViewController.m */; };
		061A03F91AE3D05600F0DA75 /* Default-568h@2x.png in Resources */ = {isa = PBXBuildFile; fileRef = 061A03F71AE3D05600F0DA75 /* Default-568h@2x.png */; };
		061A03FA1AE3D05600F0DA75 /* Images.xcassets in Resources */ = {isa = PBXBuildFile; fileRef = 061A03F81AE3D05600F0DA75 /* Images.xcassets */; };
		061A04011AE3D05B00F0DA75 /* Q.png in Resources */ = {isa = PBXBuildFile; fileRef = 061A03FD1AE3D05B00F0DA75 /* Q.png */; };
		061A04021AE3D05B00F0DA75 /* Shader.fsh in Resources */ = {isa = PBXBuildFile; fileRef = 061A03FF1AE3D05B00F0DA75 /* Shader.fsh */; };
		061A04031AE3D05B00F0DA75 /* Shader.vsh in Resources */ = {isa = PBXBuildFile; fileRef = 061A04001AE3D05B00F0DA75 /* Shader.vsh */; };
/* End PBXBuildFile section */

/* Begin PBXFileReference section */
		06165FE01AE05A06004C5F84 /* flocking.app */ = {isa = PBXFileReference; explicitFileType = wrapper.application; includeInIndex = 0; path = flocking.app; sourceTree = BUILT_PRODUCTS_DIR; };
		061A03DF1AE3CF6B00F0DA75 /* AppDelegate.h */ = {isa = PBXFileReference; fileEncoding = 4; lastKnownFileType = sourcecode.c.h; path = AppDelegate.h; sourceTree = "<group>"; };
		061A03E01AE3CF6B00F0DA75 /* AppDelegate.m */ = {isa = PBXFileReference; fileEncoding = 4; lastKnownFileType = sourcecode.c.objc; path = AppDelegate.m; sourceTree = "<group>"; };
		061A03E11AE3CF6B00F0DA75 /* Follower.h */ = {isa = PBXFileReference; fileEncoding = 4; lastKnownFileType = sourcecode.c.h; path = Follower.h; sourceTree = "<group>"; };
		061A03E21AE3CF6B00F0DA75 /* Follower.m */ = {isa = PBXFileReference; fileEncoding = 4; lastKnownFileType = sourcecode.c.objc; path = Follower.m; sourceTree = "<group>"; };
		061A03E41AE3CF6B00F0DA75 /* main.m */ = {isa = PBXFileReference; fileEncoding = 4; lastKnownFileType = sourcecode.c.objc; path = main.m; sourceTree = "<group>"; };
		061A03E51AE3CF6B00F0DA75 /* MathUtils.h */ = {isa = PBXFileReference; fileEncoding = 4; lastKnownFileType = sourcecode.c.h; path = MathUtils.h; sourceTree = "<group>"; };
		061A03E61AE3CF6B00F0DA75 /* Player.h */ = {isa = PBXFileReference; fileEncoding = 4; lastKnownFileType = sourcecode.c.h; path = Player.h; sourceTree = "<group>"; };
		061A03E71AE3CF6B00F0DA75 /* Player.m */ = {isa = PBXFileReference; fileEncoding = 4; lastKnownFileType = sourcecode.c.objc; path = Player.m; sourceTree = "<group>"; };
		061A03E81AE3CF6B00F0DA75 /* ShaderUtils.h */ = {isa = PBXFileReference; fileEncoding = 4; lastKnownFileType = sourcecode.c.h; path = ShaderUtils.h; sourceTree = "<group>"; };
		061A03E91AE3CF6B00F0DA75 /* ShaderUtils.m */ = {isa = PBXFileReference; fileEncoding = 4; lastKnownFileType = sourcecode.c.objc; path = ShaderUtils.m; sourceTree = "<group>"; };
		061A03EA1AE3CF6B00F0DA75 /* Sprite.h */ = {isa = PBXFileReference; fileEncoding = 4; lastKnownFileType = sourcecode.c.h; path = Sprite.h; sourceTree = "<group>"; };
		061A03EB1AE3CF6B00F0DA75 /* Sprite.m */ = {isa = PBXFileReference; fileEncoding = 4; lastKnownFileType = sourcecode.c.objc; path = Sprite.m; sourceTree = "<group>"; };
		061A03EC1AE3CF6B00F0DA75 /* ViewController.h */ = {isa = PBXFileReference; fileEncoding = 4; lastKnownFileType = sourcecode.c.h; path = ViewController.h; sourceTree = "<group>"; };
		061A03ED1AE3CF6B00F0DA75 /* ViewController.m */ = {isa = PBXFileReference; fileEncoding = 4; lastKnownFileType = sourcecode.c.objc; path = ViewController.m; sourceTree = "<group>"; };
		061A03F71AE3D05600F0DA75 /* Default-568h@2x.png */ = {isa = PBXFileReference; lastKnownFileType = image.png; path = "Default-568h@2x.png"; sourceTree = "<group>"; };
		061A03F81AE3D05600F0DA75 /* Images.xcassets */ = {isa = PBXFileReference; lastKnownFileType = folder.assetcatalog; path = Images.xcassets; sourceTree = "<group>"; };
		061A03FD1AE3D05B00F0DA75 /* Q.png */ = {isa = PBXFileReference; lastKnownFileType = image.png; path = Q.png; sourceTree = "<group>"; };
		061A03FF1AE3D05B00F0DA75 /* Shader.fsh */ = {isa = PBXFileReference; fileEncoding = 4; lastKnownFileType = sourcecode.glsl; path = Shader.fsh; sourceTree = "<group>"; };
		061A04001AE3D05B00F0DA75 /* Shader.vsh */ = {isa = PBXFileReference; fileEncoding = 4; lastKnownFileType = sourcecode.glsl; path = Shader.vsh; sourceTree = "<group>"; };
/* End PBXFileReference section */

/* Begin PBXFrameworksBuildPhase section */
		06165FDD1AE05A06004C5F84 /* Frameworks */ = {
			isa = PBXFrameworksBuildPhase;
			buildActionMask = 2147483647;
			files = (
			);
			runOnlyForDeploymentPostprocessing = 0;
		};
/* End PBXFrameworksBuildPhase section */

/* Begin PBXGroup section */
		06165FD71AE05A06004C5F84 = {
			isa = PBXGroup;
			children = (
				061A03FB1AE3D05B00F0DA75 /* Data */,
				061A03F61AE3D05600F0DA75 /* Resources */,
				061A03DE1AE3CF6B00F0DA75 /* Sources */,
				06165FE11AE05A06004C5F84 /* Products */,
			);
			sourceTree = "<group>";
		};
		06165FE11AE05A06004C5F84 /* Products */ = {
			isa = PBXGroup;
			children = (
				06165FE01AE05A06004C5F84 /* flocking.app */,
			);
			name = Products;
			sourceTree = "<group>";
		};
		061A03DE1AE3CF6B00F0DA75 /* Sources */ = {
			isa = PBXGroup;
			children = (
				061A03DF1AE3CF6B00F0DA75 /* AppDelegate.h */,
				061A03E01AE3CF6B00F0DA75 /* AppDelegate.m */,
				061A03E11AE3CF6B00F0DA75 /* Follower.h */,
				061A03E21AE3CF6B00F0DA75 /* Follower.m */,
				061A03E41AE3CF6B00F0DA75 /* main.m */,
				061A03E51AE3CF6B00F0DA75 /* MathUtils.h */,
				061A03E61AE3CF6B00F0DA75 /* Player.h */,
				061A03E71AE3CF6B00F0DA75 /* Player.m */,
				061A03E81AE3CF6B00F0DA75 /* ShaderUtils.h */,
				061A03E91AE3CF6B00F0DA75 /* ShaderUtils.m */,
				061A03EA1AE3CF6B00F0DA75 /* Sprite.h */,
				061A03EB1AE3CF6B00F0DA75 /* Sprite.m */,
				061A03EC1AE3CF6B00F0DA75 /* ViewController.h */,
				061A03ED1AE3CF6B00F0DA75 /* ViewController.m */,
			);
			path = Sources;
			sourceTree = "<group>";
		};
		061A03F61AE3D05600F0DA75 /* Resources */ = {
			isa = PBXGroup;
			children = (
				061A03F71AE3D05600F0DA75 /* Default-568h@2x.png */,
				061A03F81AE3D05600F0DA75 /* Images.xcassets */,
			);
			path = Resources;
			sourceTree = "<group>";
		};
		061A03FB1AE3D05B00F0DA75 /* Data */ = {
			isa = PBXGroup;
			children = (
				061A03FC1AE3D05B00F0DA75 /* Images */,
				061A03FE1AE3D05B00F0DA75 /* Shaders */,
			);
			path = Data;
			sourceTree = "<group>";
		};
		061A03FC1AE3D05B00F0DA75 /* Images */ = {
			isa = PBXGroup;
			children = (
				061A03FD1AE3D05B00F0DA75 /* Q.png */,
			);
			path = Images;
			sourceTree = "<group>";
		};
		061A03FE1AE3D05B00F0DA75 /* Shaders */ = {
			isa = PBXGroup;
			children = (
				061A03FF1AE3D05B00F0DA75 /* Shader.fsh */,
				061A04001AE3D05B00F0DA75 /* Shader.vsh */,
			);
			path = Shaders;
			sourceTree = "<group>";
		};
/* End PBXGroup section */

/* Begin PBXNativeTarget section */
		06165FDF1AE05A06004C5F84 /* flocking */ = {
			isa = PBXNativeTarget;
			buildConfigurationList = 061660031AE05A06004C5F84 /* Build configuration list for PBXNativeTarget "flocking" */;
			buildPhases = (
				06165FDC1AE05A06004C5F84 /* Sources */,
				06165FDD1AE05A06004C5F84 /* Frameworks */,
				06165FDE1AE05A06004C5F84 /* Resources */,
			);
			buildRules = (
			);
			dependencies = (
			);
			name = flocking;
			productName = flocking;
			productReference = 06165FE01AE05A06004C5F84 /* flocking.app */;
			productType = "com.apple.product-type.application";
		};
/* End PBXNativeTarget section */

/* Begin PBXProject section */
		06165FD81AE05A06004C5F84 /* Project object */ = {
			isa = PBXProject;
			attributes = {
				LastUpgradeCheck = 0610;
				ORGANIZATIONNAME = gn;
				TargetAttributes = {
					06165FDF1AE05A06004C5F84 = {
						CreatedOnToolsVersion = 6.1.1;
					};
				};
			};
			buildConfigurationList = 06165FDB1AE05A06004C5F84 /* Build configuration list for PBXProject "flocking" */;
			compatibilityVersion = "Xcode 3.2";
			developmentRegion = English;
			hasScannedForEncodings = 0;
			knownRegions = (
				en,
				Base,
			);
			mainGroup = 06165FD71AE05A06004C5F84;
			productRefGroup = 06165FE11AE05A06004C5F84 /* Products */;
			projectDirPath = "";
			projectRoot = "";
			targets = (
				06165FDF1AE05A06004C5F84 /* flocking */,
			);
		};
/* End PBXProject section */

/* Begin PBXResourcesBuildPhase section */
		06165FDE1AE05A06004C5F84 /* Resources */ = {
			isa = PBXResourcesBuildPhase;
			buildActionMask = 2147483647;
			files = (
				061A04021AE3D05B00F0DA75 /* Shader.fsh in Resources */,
				061A04011AE3D05B00F0DA75 /* Q.png in Resources */,
				061A03F91AE3D05600F0DA75 /* Default-568h@2x.png in Resources */,
				061A03FA1AE3D05600F0DA75 /* Images.xcassets in Resources */,
				061A04031AE3D05B00F0DA75 /* Shader.vsh in Resources */,
			);
			runOnlyForDeploymentPostprocessing = 0;
		};
/* End PBXResourcesBuildPhase section */

/* Begin PBXSourcesBuildPhase section */
		06165FDC1AE05A06004C5F84 /* Sources */ = {
			isa = PBXSourcesBuildPhase;
			buildActionMask = 2147483647;
			files = (
				061A03F51AE3CF6B00F0DA75 /* ViewController.m in Sources */,
				061A03F31AE3CF6B00F0DA75 /* ShaderUtils.m in Sources */,
				061A03F21AE3CF6B00F0DA75 /* Player.m in Sources */,
				061A03F41AE3CF6B00F0DA75 /* Sprite.m in Sources */,
				061A03EE1AE3CF6B00F0DA75 /* AppDelegate.m in Sources */,
				061A03F11AE3CF6B00F0DA75 /* main.m in Sources */,
				061A03EF1AE3CF6B00F0DA75 /* Follower.m in Sources */,
			);
			runOnlyForDeploymentPostprocessing = 0;
		};
/* End PBXSourcesBuildPhase section */

/* Begin XCBuildConfiguration section */
		061660011AE05A06004C5F84 /* Debug */ = {
			isa = XCBuildConfiguration;
			buildSettings = {
				ALWAYS_SEARCH_USER_PATHS = NO;
				CLANG_CXX_LANGUAGE_STANDARD = "gnu++0x";
				CLANG_CXX_LIBRARY = "libc++";
				CLANG_ENABLE_MODULES = YES;
				CLANG_ENABLE_OBJC_ARC = YES;
				CLANG_WARN_BOOL_CONVERSION = YES;
				CLANG_WARN_CONSTANT_CONVERSION = YES;
				CLANG_WARN_DIRECT_OBJC_ISA_USAGE = YES_ERROR;
				CLANG_WARN_EMPTY_BODY = YES;
				CLANG_WARN_ENUM_CONVERSION = YES;
				CLANG_WARN_INT_CONVERSION = YES;
				CLANG_WARN_OBJC_ROOT_CLASS = YES_ERROR;
				CLANG_WARN_UNREACHABLE_CODE = YES;
				CLANG_WARN__DUPLICATE_METHOD_MATCH = YES;
				"CODE_SIGN_IDENTITY[sdk=iphoneos*]" = "iPhone Developer";
				COPY_PHASE_STRIP = NO;
				ENABLE_STRICT_OBJC_MSGSEND = YES;
				GCC_C_LANGUAGE_STANDARD = gnu99;
				GCC_DYNAMIC_NO_PIC = NO;
				GCC_OPTIMIZATION_LEVEL = 0;
				GCC_PREPROCESSOR_DEFINITIONS = (
					"DEBUG=1",
					"$(inherited)",
				);
				GCC_SYMBOLS_PRIVATE_EXTERN = NO;
				GCC_WARN_64_TO_32_BIT_CONVERSION = YES;
				GCC_WARN_ABOUT_RETURN_TYPE = YES_ERROR;
				GCC_WARN_UNDECLARED_SELECTOR = YES;
				GCC_WARN_UNINITIALIZED_AUTOS = YES_AGGRESSIVE;
				GCC_WARN_UNUSED_FUNCTION = YES;
				GCC_WARN_UNUSED_VARIABLE = YES;
				IPHONEOS_DEPLOYMENT_TARGET = 8.1;
				MTL_ENABLE_DEBUG_INFO = YES;
				ONLY_ACTIVE_ARCH = YES;
				SDKROOT = iphoneos;
				TARGETED_DEVICE_FAMILY = "1,2";
			};
			name = Debug;
		};
		061660021AE05A06004C5F84 /* Release */ = {
			isa = XCBuildConfiguration;
			buildSettings = {
				ALWAYS_SEARCH_USER_PATHS = NO;
				CLANG_CXX_LANGUAGE_STANDARD = "gnu++0x";
				CLANG_CXX_LIBRARY = "libc++";
				CLANG_ENABLE_MODULES = YES;
				CLANG_ENABLE_OBJC_ARC = YES;
				CLANG_WARN_BOOL_CONVERSION = YES;
				CLANG_WARN_CONSTANT_CONVERSION = YES;
				CLANG_WARN_DIRECT_OBJC_ISA_USAGE = YES_ERROR;
				CLANG_WARN_EMPTY_BODY = YES;
				CLANG_WARN_ENUM_CONVERSION = YES;
				CLANG_WARN_INT_CONVERSION = YES;
				CLANG_WARN_OBJC_ROOT_CLASS = YES_ERROR;
				CLANG_WARN_UNREACHABLE_CODE = YES;
				CLANG_WARN__DUPLICATE_METHOD_MATCH = YES;
				"CODE_SIGN_IDENTITY[sdk=iphoneos*]" = "iPhone Developer";
				COPY_PHASE_STRIP = YES;
				ENABLE_NS_ASSERTIONS = NO;
				ENABLE_STRICT_OBJC_MSGSEND = YES;
				GCC_C_LANGUAGE_STANDARD = gnu99;
				GCC_WARN_64_TO_32_BIT_CONVERSION = YES;
				GCC_WARN_ABOUT_RETURN_TYPE = YES_ERROR;
				GCC_WARN_UNDECLARED_SELECTOR = YES;
				GCC_WARN_UNINITIALIZED_AUTOS = YES_AGGRESSIVE;
				GCC_WARN_UNUSED_FUNCTION = YES;
				GCC_WARN_UNUSED_VARIABLE = YES;
				IPHONEOS_DEPLOYMENT_TARGET = 8.1;
				MTL_ENABLE_DEBUG_INFO = NO;
				SDKROOT = iphoneos;
				TARGETED_DEVICE_FAMILY = "1,2";
				VALIDATE_PRODUCT = YES;
			};
			name = Release;
		};
		061660041AE05A06004C5F84 /* Debug */ = {
			isa = XCBuildConfiguration;
			buildSettings = {
				ASSETCATALOG_COMPILER_APPICON_NAME = AppIcon;
				CODE_SIGN_IDENTITY = "iPhone Developer";
				INFOPLIST_FILE = flocking/Info.plist;
				IPHONEOS_DEPLOYMENT_TARGET = 7.0;
				LD_RUNPATH_SEARCH_PATHS = "$(inherited) @executable_path/Frameworks";
				PRODUCT_NAME = "$(TARGET_NAME)";
			};
			name = Debug;
		};
		061660051AE05A06004C5F84 /* Release */ = {
			isa = XCBuildConfiguration;
			buildSettings = {
				ASSETCATALOG_COMPILER_APPICON_NAME = AppIcon;
				CODE_SIGN_IDENTITY = "iPhone Developer";
				INFOPLIST_FILE = flocking/Info.plist;
				IPHONEOS_DEPLOYMENT_TARGET = 7.0;
				LD_RUNPATH_SEARCH_PATHS = "$(inherited) @executable_path/Frameworks";
				PRODUCT_NAME = "$(TARGET_NAME)";
			};
			name = Release;
		};
/* End XCBuildConfiguration section */

/* Begin XCConfigurationList section */
		06165FDB1AE05A06004C5F84 /* Build configuration list for PBXProject "flocking" */ = {
			isa = XCConfigurationList;
			buildConfigurations = (
				061660011AE05A06004C5F84 /* Debug */,
				061660021AE05A06004C5F84 /* Release */,
			);
			defaultConfigurationIsVisible = 0;
			defaultConfigurationName = Release;
		};
		061660031AE05A06004C5F84 /* Build configuration list for PBXNativeTarget "flocking" */ = {
			isa = XCConfigurationList;
			buildConfigurations = (
				061660041AE05A06004C5F84 /* Debug */,
				061660051AE05A06004C5F84 /* Release */,
			);
			defaultConfigurationIsVisible = 0;
			defaultConfigurationName = Release;
		};
/* End XCConfigurationList section */
	};
	rootObject = 06165FD81AE05A06004C5F84 /* Project object */;
}
